// !$*UTF8*$!
{
	archiveVersion = 1;
	classes = {
	};
	objectVersion = 46;
	objects = {

/* Begin PBXBuildFile section */
		5230CA4E1AA5BCF900A1D23C /* AVFoundation.framework in Frameworks */ = {isa = PBXBuildFile; fileRef = 52275E8A1A77AFA00057B4FC /* AVFoundation.framework */; };
		525C5F0F1A7512EB008436ED /* ViewController3.m in Sources */ = {isa = PBXBuildFile; fileRef = 525C5F0E1A7512EB008436ED /* ViewController3.m */; };
		529C9ED019B5DA180056C459 /* CoreGraphics.framework in Frameworks */ = {isa = PBXBuildFile; fileRef = 529C9ECF19B5DA180056C459 /* CoreGraphics.framework */; };
		529C9ED219B5DA180056C459 /* UIKit.framework in Frameworks */ = {isa = PBXBuildFile; fileRef = 529C9ED119B5DA180056C459 /* UIKit.framework */; };
		529C9ED819B5DA180056C459 /* InfoPlist.strings in Resources */ = {isa = PBXBuildFile; fileRef = 529C9ED619B5DA180056C459 /* InfoPlist.strings */; };
		529C9EDA19B5DA180056C459 /* main.m in Sources */ = {isa = PBXBuildFile; fileRef = 529C9ED919B5DA180056C459 /* main.m */; };
		529C9EDE19B5DA180056C459 /* AppDelegate.m in Sources */ = {isa = PBXBuildFile; fileRef = 529C9EDD19B5DA180056C459 /* AppDelegate.m */; };
		529C9EE119B5DA180056C459 /* Main.storyboard in Resources */ = {isa = PBXBuildFile; fileRef = 529C9EDF19B5DA180056C459 /* Main.storyboard */; };
		529C9EE419B5DA180056C459 /* ViewController.m in Sources */ = {isa = PBXBuildFile; fileRef = 529C9EE319B5DA180056C459 /* ViewController.m */; };
		529C9EE619B5DA180056C459 /* Images.xcassets in Resources */ = {isa = PBXBuildFile; fileRef = 529C9EE519B5DA180056C459 /* Images.xcassets */; };
		529C9EED19B5DA180056C459 /* XCTest.framework in Frameworks */ = {isa = PBXBuildFile; fileRef = 529C9EEC19B5DA180056C459 /* XCTest.framework */; };
		529C9EEE19B5DA180056C459 /* Foundation.framework in Frameworks */ = {isa = PBXBuildFile; fileRef = 529C9ECD19B5DA180056C459 /* Foundation.framework */; };
		529C9EEF19B5DA180056C459 /* UIKit.framework in Frameworks */ = {isa = PBXBuildFile; fileRef = 529C9ED119B5DA180056C459 /* UIKit.framework */; };
		529C9EF719B5DA180056C459 /* InfoPlist.strings in Resources */ = {isa = PBXBuildFile; fileRef = 529C9EF519B5DA180056C459 /* InfoPlist.strings */; };
		529C9EF919B5DA180056C459 /* AlermClockTests.m in Sources */ = {isa = PBXBuildFile; fileRef = 529C9EF819B5DA180056C459 /* AlermClockTests.m */; };
		52B399771A6E5AB10010D58E /* ViewController2.m in Sources */ = {isa = PBXBuildFile; fileRef = 52B399761A6E5AB10010D58E /* ViewController2.m */; };
		52F4AE711A8A0AE100394734 /* wind_sound.wav in Resources */ = {isa = PBXBuildFile; fileRef = 52F4AE6F1A8A0AE100394734 /* wind_sound.wav */; };
		52F4AE721A8A0AE100394734 /* wind.jpg in Resources */ = {isa = PBXBuildFile; fileRef = 52F4AE701A8A0AE100394734 /* wind.jpg */; };
		52F4AE741A8A0AE500394734 /* IMG_4088.png in Resources */ = {isa = PBXBuildFile; fileRef = 52F4AE731A8A0AE500394734 /* IMG_4088.png */; };
/* End PBXBuildFile section */

/* Begin PBXContainerItemProxy section */
		529C9EF019B5DA180056C459 /* PBXContainerItemProxy */ = {
			isa = PBXContainerItemProxy;
			containerPortal = 529C9EC219B5DA180056C459 /* Project object */;
			proxyType = 1;
			remoteGlobalIDString = 529C9EC919B5DA180056C459;
			remoteInfo = AlermClock;
		};
/* End PBXContainerItemProxy section */

/* Begin PBXFileReference section */
		52275E8A1A77AFA00057B4FC /* AVFoundation.framework */ = {isa = PBXFileReference; lastKnownFileType = wrapper.framework; name = AVFoundation.framework; path = System/Library/Frameworks/AVFoundation.framework; sourceTree = SDKROOT; };
		525C5F0D1A7512EB008436ED /* ViewController3.h */ = {isa = PBXFileReference; fileEncoding = 4; lastKnownFileType = sourcecode.c.h; path = ViewController3.h; sourceTree = "<group>"; };
		525C5F0E1A7512EB008436ED /* ViewController3.m */ = {isa = PBXFileReference; fileEncoding = 4; lastKnownFileType = sourcecode.c.objc; path = ViewController3.m; sourceTree = "<group>"; };
		529C9ECA19B5DA180056C459 /* AlermClock.app */ = {isa = PBXFileReference; explicitFileType = wrapper.application; includeInIndex = 0; path = AlermClock.app; sourceTree = BUILT_PRODUCTS_DIR; };
		529C9ECD19B5DA180056C459 /* Foundation.framework */ = {isa = PBXFileReference; lastKnownFileType = wrapper.framework; name = Foundation.framework; path = System/Library/Frameworks/Foundation.framework; sourceTree = SDKROOT; };
		529C9ECF19B5DA180056C459 /* CoreGraphics.framework */ = {isa = PBXFileReference; lastKnownFileType = wrapper.framework; name = CoreGraphics.framework; path = System/Library/Frameworks/CoreGraphics.framework; sourceTree = SDKROOT; };
		529C9ED119B5DA180056C459 /* UIKit.framework */ = {isa = PBXFileReference; lastKnownFileType = wrapper.framework; name = UIKit.framework; path = System/Library/Frameworks/UIKit.framework; sourceTree = SDKROOT; };
		529C9ED519B5DA180056C459 /* AlermClock-Info.plist */ = {isa = PBXFileReference; lastKnownFileType = text.plist.xml; path = "AlermClock-Info.plist"; sourceTree = "<group>"; };
		529C9ED719B5DA180056C459 /* en */ = {isa = PBXFileReference; lastKnownFileType = text.plist.strings; name = en; path = en.lproj/InfoPlist.strings; sourceTree = "<group>"; };
		529C9ED919B5DA180056C459 /* main.m */ = {isa = PBXFileReference; lastKnownFileType = sourcecode.c.objc; path = main.m; sourceTree = "<group>"; };
		529C9EDB19B5DA180056C459 /* AlermClock-Prefix.pch */ = {isa = PBXFileReference; lastKnownFileType = sourcecode.c.h; path = "AlermClock-Prefix.pch"; sourceTree = "<group>"; };
		529C9EDC19B5DA180056C459 /* AppDelegate.h */ = {isa = PBXFileReference; lastKnownFileType = sourcecode.c.h; path = AppDelegate.h; sourceTree = "<group>"; };
		529C9EDD19B5DA180056C459 /* AppDelegate.m */ = {isa = PBXFileReference; lastKnownFileType = sourcecode.c.objc; path = AppDelegate.m; sourceTree = "<group>"; };
		529C9EE019B5DA180056C459 /* Base */ = {isa = PBXFileReference; lastKnownFileType = file.storyboard; name = Base; path = Base.lproj/Main.storyboard; sourceTree = "<group>"; };
		529C9EE219B5DA180056C459 /* ViewController.h */ = {isa = PBXFileReference; lastKnownFileType = sourcecode.c.h; path = ViewController.h; sourceTree = "<group>"; };
		529C9EE319B5DA180056C459 /* ViewController.m */ = {isa = PBXFileReference; lastKnownFileType = sourcecode.c.objc; path = ViewController.m; sourceTree = "<group>"; };
		529C9EE519B5DA180056C459 /* Images.xcassets */ = {isa = PBXFileReference; lastKnownFileType = folder.assetcatalog; path = Images.xcassets; sourceTree = "<group>"; };
		529C9EEB19B5DA180056C459 /* AlermClockTests.xctest */ = {isa = PBXFileReference; explicitFileType = wrapper.cfbundle; includeInIndex = 0; path = AlermClockTests.xctest; sourceTree = BUILT_PRODUCTS_DIR; };
		529C9EEC19B5DA180056C459 /* XCTest.framework */ = {isa = PBXFileReference; lastKnownFileType = wrapper.framework; name = XCTest.framework; path = Library/Frameworks/XCTest.framework; sourceTree = DEVELOPER_DIR; };
		529C9EF419B5DA180056C459 /* AlermClockTests-Info.plist */ = {isa = PBXFileReference; lastKnownFileType = text.plist.xml; path = "AlermClockTests-Info.plist"; sourceTree = "<group>"; };
		529C9EF619B5DA180056C459 /* en */ = {isa = PBXFileReference; lastKnownFileType = text.plist.strings; name = en; path = en.lproj/InfoPlist.strings; sourceTree = "<group>"; };
		529C9EF819B5DA180056C459 /* AlermClockTests.m */ = {isa = PBXFileReference; lastKnownFileType = sourcecode.c.objc; path = AlermClockTests.m; sourceTree = "<group>"; };
		52B399751A6E5AB10010D58E /* ViewController2.h */ = {isa = PBXFileReference; fileEncoding = 4; lastKnownFileType = sourcecode.c.h; path = ViewController2.h; sourceTree = "<group>"; };
		52B399761A6E5AB10010D58E /* ViewController2.m */ = {isa = PBXFileReference; fileEncoding = 4; lastKnownFileType = sourcecode.c.objc; path = ViewController2.m; sourceTree = "<group>"; };
		52F4AE6F1A8A0AE100394734 /* wind_sound.wav */ = {isa = PBXFileReference; lastKnownFileType = audio.wav; path = wind_sound.wav; sourceTree = "<group>"; };
		52F4AE701A8A0AE100394734 /* wind.jpg */ = {isa = PBXFileReference; lastKnownFileType = image.jpeg; path = wind.jpg; sourceTree = "<group>"; };
		52F4AE731A8A0AE500394734 /* IMG_4088.png */ = {isa = PBXFileReference; lastKnownFileType = image.png; path = IMG_4088.png; sourceTree = "<group>"; };
/* End PBXFileReference section */

/* Begin PBXFrameworksBuildPhase section */
		529C9EC719B5DA180056C459 /* Frameworks */ = {
			isa = PBXFrameworksBuildPhase;
			buildActionMask = 2147483647;
			files = (
				5230CA4E1AA5BCF900A1D23C /* AVFoundation.framework in Frameworks */,
				529C9ED019B5DA180056C459 /* CoreGraphics.framework in Frameworks */,
				529C9ED219B5DA180056C459 /* UIKit.framework in Frameworks */,
			);
			runOnlyForDeploymentPostprocessing = 0;
		};
		529C9EE819B5DA180056C459 /* Frameworks */ = {
			isa = PBXFrameworksBuildPhase;
			buildActionMask = 2147483647;
			files = (
				529C9EED19B5DA180056C459 /* XCTest.framework in Frameworks */,
				529C9EEF19B5DA180056C459 /* UIKit.framework in Frameworks */,
				529C9EEE19B5DA180056C459 /* Foundation.framework in Frameworks */,
			);
			runOnlyForDeploymentPostprocessing = 0;
		};
/* End PBXFrameworksBuildPhase section */

/* Begin PBXGroup section */
		529C9EC119B5DA180056C459 = {
			isa = PBXGroup;
			children = (
				529C9ED319B5DA180056C459 /* AlermClock */,
				529C9EF219B5DA180056C459 /* AlermClockTests */,
				529C9ECC19B5DA180056C459 /* Frameworks */,
				529C9ECB19B5DA180056C459 /* Products */,
			);
			sourceTree = "<group>";
		};
		529C9ECB19B5DA180056C459 /* Products */ = {
			isa = PBXGroup;
			children = (
				529C9ECA19B5DA180056C459 /* AlermClock.app */,
				529C9EEB19B5DA180056C459 /* AlermClockTests.xctest */,
			);
			name = Products;
			sourceTree = "<group>";
		};
		529C9ECC19B5DA180056C459 /* Frameworks */ = {
			isa = PBXGroup;
			children = (
				52275E8A1A77AFA00057B4FC /* AVFoundation.framework */,
				529C9ECD19B5DA180056C459 /* Foundation.framework */,
				529C9ECF19B5DA180056C459 /* CoreGraphics.framework */,
				529C9ED119B5DA180056C459 /* UIKit.framework */,
				529C9EEC19B5DA180056C459 /* XCTest.framework */,
			);
			name = Frameworks;
			sourceTree = "<group>";
		};
		529C9ED319B5DA180056C459 /* AlermClock */ = {
			isa = PBXGroup;
			children = (
				529C9EDC19B5DA180056C459 /* AppDelegate.h */,
				529C9EDD19B5DA180056C459 /* AppDelegate.m */,
				529C9EDF19B5DA180056C459 /* Main.storyboard */,
				529C9EE219B5DA180056C459 /* ViewController.h */,
				529C9EE319B5DA180056C459 /* ViewController.m */,
				529C9EE519B5DA180056C459 /* Images.xcassets */,
				529C9ED419B5DA180056C459 /* Supporting Files */,
				52B399751A6E5AB10010D58E /* ViewController2.h */,
				52B399761A6E5AB10010D58E /* ViewController2.m */,
				525C5F0D1A7512EB008436ED /* ViewController3.h */,
				525C5F0E1A7512EB008436ED /* ViewController3.m */,
				52F4AE6F1A8A0AE100394734 /* wind_sound.wav */,
				52F4AE701A8A0AE100394734 /* wind.jpg */,
				52F4AE731A8A0AE500394734 /* IMG_4088.png */,
			);
			path = AlermClock;
			sourceTree = "<group>";
		};
		529C9ED419B5DA180056C459 /* Supporting Files */ = {
			isa = PBXGroup;
			children = (
				529C9ED519B5DA180056C459 /* AlermClock-Info.plist */,
				529C9ED619B5DA180056C459 /* InfoPlist.strings */,
				529C9ED919B5DA180056C459 /* main.m */,
				529C9EDB19B5DA180056C459 /* AlermClock-Prefix.pch */,
			);
			name = "Supporting Files";
			sourceTree = "<group>";
		};
		529C9EF219B5DA180056C459 /* AlermClockTests */ = {
			isa = PBXGroup;
			children = (
				529C9EF819B5DA180056C459 /* AlermClockTests.m */,
				529C9EF319B5DA180056C459 /* Supporting Files */,
			);
			path = AlermClockTests;
			sourceTree = "<group>";
		};
		529C9EF319B5DA180056C459 /* Supporting Files */ = {
			isa = PBXGroup;
			children = (
				529C9EF419B5DA180056C459 /* AlermClockTests-Info.plist */,
				529C9EF519B5DA180056C459 /* InfoPlist.strings */,
			);
			name = "Supporting Files";
			sourceTree = "<group>";
		};
/* End PBXGroup section */

/* Begin PBXNativeTarget section */
		529C9EC919B5DA180056C459 /* AlermClock */ = {
			isa = PBXNativeTarget;
			buildConfigurationList = 529C9EFC19B5DA180056C459 /* Build configuration list for PBXNativeTarget "AlermClock" */;
			buildPhases = (
				529C9EC619B5DA180056C459 /* Sources */,
				529C9EC719B5DA180056C459 /* Frameworks */,
				529C9EC819B5DA180056C459 /* Resources */,
			);
			buildRules = (
			);
			dependencies = (
			);
			name = AlermClock;
			productName = AlermClock;
			productReference = 529C9ECA19B5DA180056C459 /* AlermClock.app */;
			productType = "com.apple.product-type.application";
		};
		529C9EEA19B5DA180056C459 /* AlermClockTests */ = {
			isa = PBXNativeTarget;
			buildConfigurationList = 529C9EFF19B5DA180056C459 /* Build configuration list for PBXNativeTarget "AlermClockTests" */;
			buildPhases = (
				529C9EE719B5DA180056C459 /* Sources */,
				529C9EE819B5DA180056C459 /* Frameworks */,
				529C9EE919B5DA180056C459 /* Resources */,
			);
			buildRules = (
			);
			dependencies = (
				529C9EF119B5DA180056C459 /* PBXTargetDependency */,
			);
			name = AlermClockTests;
			productName = AlermClockTests;
			productReference = 529C9EEB19B5DA180056C459 /* AlermClockTests.xctest */;
			productType = "com.apple.product-type.bundle.unit-test";
		};
/* End PBXNativeTarget section */

/* Begin PBXProject section */
		529C9EC219B5DA180056C459 /* Project object */ = {
			isa = PBXProject;
			attributes = {
				LastUpgradeCheck = 0510;
				ORGANIZATIONNAME = "___FULLUSERNAME___";
				TargetAttributes = {
					529C9EEA19B5DA180056C459 = {
						TestTargetID = 529C9EC919B5DA180056C459;
					};
				};
			};
			buildConfigurationList = 529C9EC519B5DA180056C459 /* Build configuration list for PBXProject "AlermClock" */;
			compatibilityVersion = "Xcode 3.2";
			developmentRegion = English;
			hasScannedForEncodings = 0;
			knownRegions = (
				en,
				Base,
			);
			mainGroup = 529C9EC119B5DA180056C459;
			productRefGroup = 529C9ECB19B5DA180056C459 /* Products */;
			projectDirPath = "";
			projectRoot = "";
			targets = (
				529C9EC919B5DA180056C459 /* AlermClock */,
				529C9EEA19B5DA180056C459 /* AlermClockTests */,
			);
		};
/* End PBXProject section */

/* Begin PBXResourcesBuildPhase section */
		529C9EC819B5DA180056C459 /* Resources */ = {
			isa = PBXResourcesBuildPhase;
			buildActionMask = 2147483647;
			files = (
				529C9EE619B5DA180056C459 /* Images.xcassets in Resources */,
				52F4AE741A8A0AE500394734 /* IMG_4088.png in Resources */,
				52F4AE721A8A0AE100394734 /* wind.jpg in Resources */,
				529C9ED819B5DA180056C459 /* InfoPlist.strings in Resources */,
				52F4AE711A8A0AE100394734 /* wind_sound.wav in Resources */,
				529C9EE119B5DA180056C459 /* Main.storyboard in Resources */,
			);
			runOnlyForDeploymentPostprocessing = 0;
		};
		529C9EE919B5DA180056C459 /* Resources */ = {
			isa = PBXResourcesBuildPhase;
			buildActionMask = 2147483647;
			files = (
				529C9EF719B5DA180056C459 /* InfoPlist.strings in Resources */,
			);
			runOnlyForDeploymentPostprocessing = 0;
		};
/* End PBXResourcesBuildPhase section */

/* Begin PBXSourcesBuildPhase section */
		529C9EC619B5DA180056C459 /* Sources */ = {
			isa = PBXSourcesBuildPhase;
			buildActionMask = 2147483647;
			files = (
				529C9EE419B5DA180056C459 /* ViewController.m in Sources */,
				52B399771A6E5AB10010D58E /* ViewController2.m in Sources */,
				529C9EDE19B5DA180056C459 /* AppDelegate.m in Sources */,
				529C9EDA19B5DA180056C459 /* main.m in Sources */,
				525C5F0F1A7512EB008436ED /* ViewController3.m in Sources */,
			);
			runOnlyForDeploymentPostprocessing = 0;
		};
		529C9EE719B5DA180056C459 /* Sources */ = {
			isa = PBXSourcesBuildPhase;
			buildActionMask = 2147483647;
			files = (
				529C9EF919B5DA180056C459 /* AlermClockTests.m in Sources */,
			);
			runOnlyForDeploymentPostprocessing = 0;
		};
/* End PBXSourcesBuildPhase section */

/* Begin PBXTargetDependency section */
		529C9EF119B5DA180056C459 /* PBXTargetDependency */ = {
			isa = PBXTargetDependency;
			target = 529C9EC919B5DA180056C459 /* AlermClock */;
			targetProxy = 529C9EF019B5DA180056C459 /* PBXContainerItemProxy */;
		};
/* End PBXTargetDependency section */

/* Begin PBXVariantGroup section */
		529C9ED619B5DA180056C459 /* InfoPlist.strings */ = {
			isa = PBXVariantGroup;
			children = (
				529C9ED719B5DA180056C459 /* en */,
			);
			name = InfoPlist.strings;
			sourceTree = "<group>";
		};
		529C9EDF19B5DA180056C459 /* Main.storyboard */ = {
			isa = PBXVariantGroup;
			children = (
				529C9EE019B5DA180056C459 /* Base */,
			);
			name = Main.storyboard;
			sourceTree = "<group>";
		};
		529C9EF519B5DA180056C459 /* InfoPlist.strings */ = {
			isa = PBXVariantGroup;
			children = (
				529C9EF619B5DA180056C459 /* en */,
			);
			name = InfoPlist.strings;
			sourceTree = "<group>";
		};
/* End PBXVariantGroup section */

/* Begin XCBuildConfiguration section */
		529C9EFA19B5DA180056C459 /* Debug */ = {
			isa = XCBuildConfiguration;
			buildSettings = {
				ALWAYS_SEARCH_USER_PATHS = NO;
				CLANG_CXX_LANGUAGE_STANDARD = "gnu++0x";
				CLANG_CXX_LIBRARY = "libc++";
				CLANG_ENABLE_MODULES = YES;
				CLANG_ENABLE_OBJC_ARC = YES;
				CLANG_WARN_BOOL_CONVERSION = YES;
				CLANG_WARN_CONSTANT_CONVERSION = YES;
				CLANG_WARN_DIRECT_OBJC_ISA_USAGE = YES_ERROR;
				CLANG_WARN_EMPTY_BODY = YES;
				CLANG_WARN_ENUM_CONVERSION = YES;
				CLANG_WARN_INT_CONVERSION = YES;
				CLANG_WARN_OBJC_ROOT_CLASS = YES_ERROR;
				CLANG_WARN__DUPLICATE_METHOD_MATCH = YES;
				"CODE_SIGN_IDENTITY[sdk=iphoneos*]" = "iPhone Developer";
				COPY_PHASE_STRIP = NO;
				GCC_C_LANGUAGE_STANDARD = gnu99;
				GCC_DYNAMIC_NO_PIC = NO;
				GCC_OPTIMIZATION_LEVEL = 0;
				GCC_PREPROCESSOR_DEFINITIONS = (
					"DEBUG=1",
					"$(inherited)",
				);
				GCC_SYMBOLS_PRIVATE_EXTERN = NO;
				GCC_WARN_64_TO_32_BIT_CONVERSION = YES;
				GCC_WARN_ABOUT_RETURN_TYPE = YES_ERROR;
				GCC_WARN_UNDECLARED_SELECTOR = YES;
				GCC_WARN_UNINITIALIZED_AUTOS = YES_AGGRESSIVE;
				GCC_WARN_UNUSED_FUNCTION = YES;
				GCC_WARN_UNUSED_VARIABLE = YES;
				IPHONEOS_DEPLOYMENT_TARGET = 7.1;
				ONLY_ACTIVE_ARCH = YES;
				SDKROOT = iphoneos;
			};
			name = Debug;
		};
		529C9EFB19B5DA180056C459 /* Release */ = {
			isa = XCBuildConfiguration;
			buildSettings = {
				ALWAYS_SEARCH_USER_PATHS = NO;
				CLANG_CXX_LANGUAGE_STANDARD = "gnu++0x";
				CLANG_CXX_LIBRARY = "libc++";
				CLANG_ENABLE_MODULES = YES;
				CLANG_ENABLE_OBJC_ARC = YES;
				CLANG_WARN_BOOL_CONVERSION = YES;
				CLANG_WARN_CONSTANT_CONVERSION = YES;
				CLANG_WARN_DIRECT_OBJC_ISA_USAGE = YES_ERROR;
				CLANG_WARN_EMPTY_BODY = YES;
				CLANG_WARN_ENUM_CONVERSION = YES;
				CLANG_WARN_INT_CONVERSION = YES;
				CLANG_WARN_OBJC_ROOT_CLASS = YES_ERROR;
				CLANG_WARN__DUPLICATE_METHOD_MATCH = YES;
				"CODE_SIGN_IDENTITY[sdk=iphoneos*]" = "iPhone Developer";
				COPY_PHASE_STRIP = YES;
				ENABLE_NS_ASSERTIONS = NO;
				GCC_C_LANGUAGE_STANDARD = gnu99;
				GCC_WARN_64_TO_32_BIT_CONVERSION = YES;
				GCC_WARN_ABOUT_RETURN_TYPE = YES_ERROR;
				GCC_WARN_UNDECLARED_SELECTOR = YES;
				GCC_WARN_UNINITIALIZED_AUTOS = YES_AGGRESSIVE;
				GCC_WARN_UNUSED_FUNCTION = YES;
				GCC_WARN_UNUSED_VARIABLE = YES;
				IPHONEOS_DEPLOYMENT_TARGET = 7.1;
				SDKROOT = iphoneos;
				VALIDATE_PRODUCT = YES;
			};
			name = Release;
		};
		529C9EFD19B5DA180056C459 /* Debug */ = {
			isa = XCBuildConfiguration;
			buildSettings = {
				ASSETCATALOG_COMPILER_APPICON_NAME = AppIcon;
				ASSETCATALOG_COMPILER_LAUNCHIMAGE_NAME = LaunchImage;
				GCC_PRECOMPILE_PREFIX_HEADER = YES;
				GCC_PREFIX_HEADER = "AlermClock/AlermClock-Prefix.pch";
				INFOPLIST_FILE = "AlermClock/AlermClock-Info.plist";
				IPHONEOS_DEPLOYMENT_TARGET = 6.1;
				PRODUCT_NAME = "$(TARGET_NAME)";
				WRAPPER_EXTENSION = app;
			};
			name = Debug;
		};
		529C9EFE19B5DA180056C459 /* Release */ = {
			isa = XCBuildConfiguration;
			buildSettings = {
				ASSETCATALOG_COMPILER_APPICON_NAME = AppIcon;
				ASSETCATALOG_COMPILER_LAUNCHIMAGE_NAME = LaunchImage;
				GCC_PRECOMPILE_PREFIX_HEADER = YES;
				GCC_PREFIX_HEADER = "AlermClock/AlermClock-Prefix.pch";
				INFOPLIST_FILE = "AlermClock/AlermClock-Info.plist";
				IPHONEOS_DEPLOYMENT_TARGET = 6.1;
				PRODUCT_NAME = "$(TARGET_NAME)";
				WRAPPER_EXTENSION = app;
			};
			name = Release;
		};
		529C9F0019B5DA180056C459 /* Debug */ = {
			isa = XCBuildConfiguration;
			buildSettings = {
				BUNDLE_LOADER = "$(BUILT_PRODUCTS_DIR)/AlermClock.app/AlermClock";
				FRAMEWORK_SEARCH_PATHS = (
					"$(SDKROOT)/Developer/Library/Frameworks",
					"$(inherited)",
					"$(DEVELOPER_FRAMEWORKS_DIR)",
				);
				GCC_PRECOMPILE_PREFIX_HEADER = YES;
				GCC_PREFIX_HEADER = "AlermClock/AlermClock-Prefix.pch";
				GCC_PREPROCESSOR_DEFINITIONS = (
					"DEBUG=1",
					"$(inherited)",
				);
				INFOPLIST_FILE = "AlermClockTests/AlermClockTests-Info.plist";
				PRODUCT_NAME = "$(TARGET_NAME)";
				TEST_HOST = "$(BUNDLE_LOADER)";
				WRAPPER_EXTENSION = xctest;
			};
			name = Debug;
		};
		529C9F0119B5DA180056C459 /* Release */ = {
			isa = XCBuildConfiguration;
			buildSettings = {
				BUNDLE_LOADER = "$(BUILT_PRODUCTS_DIR)/AlermClock.app/AlermClock";
				FRAMEWORK_SEARCH_PATHS = (
					"$(SDKROOT)/Developer/Library/Frameworks",
					"$(inherited)",
					"$(DEVELOPER_FRAMEWORKS_DIR)",
				);
				GCC_PRECOMPILE_PREFIX_HEADER = YES;
				GCC_PREFIX_HEADER = "AlermClock/AlermClock-Prefix.pch";
				INFOPLIST_FILE = "AlermClockTests/AlermClockTests-Info.plist";
				PRODUCT_NAME = "$(TARGET_NAME)";
				TEST_HOST = "$(BUNDLE_LOADER)";
				WRAPPER_EXTENSION = xctest;
			};
			name = Release;
		};
/* End XCBuildConfiguration section */

/* Begin XCConfigurationList section */
		529C9EC519B5DA180056C459 /* Build configuration list for PBXProject "AlermClock" */ = {
			isa = XCConfigurationList;
			buildConfigurations = (
				529C9EFA19B5DA180056C459 /* Debug */,
				529C9EFB19B5DA180056C459 /* Release */,
			);
			defaultConfigurationIsVisible = 0;
			defaultConfigurationName = Release;
		};
		529C9EFC19B5DA180056C459 /* Build configuration list for PBXNativeTarget "AlermClock" */ = {
			isa = XCConfigurationList;
			buildConfigurations = (
				529C9EFD19B5DA180056C459 /* Debug */,
				529C9EFE19B5DA180056C459 /* Release */,
			);
			defaultConfigurationIsVisible = 0;
			defaultConfigurationName = Release;
		};
		529C9EFF19B5DA180056C459 /* Build configuration list for PBXNativeTarget "AlermClockTests" */ = {
			isa = XCConfigurationList;
			buildConfigurations = (
				529C9F0019B5DA180056C459 /* Debug */,
				529C9F0119B5DA180056C459 /* Release */,
			);
			defaultConfigurationIsVisible = 0;
			defaultConfigurationName = Release;
		};
/* End XCConfigurationList section */
	};
	rootObject = 529C9EC219B5DA180056C459 /* Project object */;
}
